
Microsoft Visual Studio Solution File, Format Version 12.00
# Visual Studio Version 17
VisualStudioVersion = 17.13.35806.99 d17.13
MinimumVisualStudioVersion = 10.0.40219.1
Project("{FAE04EC0-301F-11D3-BF4B-00C04F79EFBC}") = "CSEğitimKampi501", "CSEğitimKampi501\CSEğitimKampi501.csproj", "{A03E5C10-C37C-4035-AC68-74BFDFA78F91}"
EndProject
Global
	GlobalSection(SolutionConfigurationPlatforms) = preSolution
		Debug|Any CPU = Debug|Any CPU
		Release|Any CPU = Release|Any CPU
	EndGlobalSection
	GlobalSection(ProjectConfigurationPlatforms) = postSolution
		{A03E5C10-C37C-4035-AC68-74BFDFA78F91}.Debug|Any CPU.ActiveCfg = Debug|Any CPU
		{A03E5C10-C37C-4035-AC68-74BFDFA78F91}.Debug|Any CPU.Build.0 = Debug|Any CPU
		{A03E5C10-C37C-4035-AC68-74BFDFA78F91}.Release|Any CPU.ActiveCfg = Release|Any CPU
		{A03E5C10-C37C-4035-AC68-74BFDFA78F91}.Release|Any CPU.Build.0 = Release|Any CPU
	EndGlobalSection
	GlobalSection(SolutionProperties) = preSolution
		HideSolutionNode = FALSE
	EndGlobalSection
	GlobalSection(ExtensibilityGlobals) = postSolution
		SolutionGuid = {1C836CE6-8531-4297-9057-CB41D620C30B}
	EndGlobalSection
EndGlobal
